{
  "name": "reader",
  "version": "1.0.0",
  "lockfileVersion": 1,
  "requires": true,
  "dependencies": {
    "@types/bson": {
      "version": "4.0.3",
      "resolved": "https://registry.npm.taobao.org/@types/bson/download/@types/bson-4.0.3.tgz",
      "integrity": "sha1-MIidL/3mJiq744ZZNkxjFFSZn78=",
      "requires": {
        "@types/node": "*"
      }
    },
    "@types/mongodb": {
      "version": "3.6.9",
      "resolved": "https://registry.npm.taobao.org/@types/mongodb/download/@types/mongodb-3.6.9.tgz",
      "integrity": "sha1-VfflsE8zkEoS1vCrT10RmlBireQ=",
      "requires": {
        "@types/bson": "*",
        "@types/node": "*"
      }
    },
    "@types/node": {
      "version": "14.14.33",
      "resolved": "https://registry.npm.taobao.org/@types/node/download/@types/node-14.14.33.tgz?cache=0&sync_timestamp=1615307197617&other_urls=https%3A%2F%2Fregistry.npm.taobao.org%2F%40types%2Fnode%2Fdownload%2F%40types%2Fnode-14.14.33.tgz",
      "integrity": "sha1-nk+MZDRVIuToznezNKiqpk4rbHg="
    },
    "asynckit": {
      "version": "0.4.0",
      "resolved": "https://registry.npm.taobao.org/asynckit/download/asynckit-0.4.0.tgz",
      "integrity": "sha1-x57Zf380y48robyXkLzDZkdLS3k="
    },
    "axios": {
      "version": "0.21.1",
      "resolved": "https://registry.npm.taobao.org/axios/download/axios-0.21.1.tgz",
      "integrity": "sha1-IlY0gZYvTWvemnbVFu8OXTwJsrg=",
      "requires": {
        "follow-redirects": "^1.10.0"
      }
    },
    "bl": {
      "version": "2.2.1",
      "resolved": "https://registry.npm.taobao.org/bl/download/bl-2.2.1.tgz",
      "integrity": "sha1-jBGntzBlXF1WiYzchxIk9A/ZAdU=",
      "requires": {
        "readable-stream": "^2.3.5",
        "safe-buffer": "^5.1.1"
      },
      "dependencies": {
        "readable-stream": {
          "version": "2.3.7",
          "resolved": "https://registry.npm.taobao.org/readable-stream/download/readable-stream-2.3.7.tgz?cache=0&sync_timestamp=1581623021561&other_urls=https%3A%2F%2Fregistry.npm.taobao.org%2Freadable-stream%2Fdownload%2Freadable-stream-2.3.7.tgz",
          "integrity": "sha1-Hsoc9xGu+BTAT2IlKjamL2yyO1c=",
          "requires": {
            "core-util-is": "~1.0.0",
            "inherits": "~2.0.3",
            "isarray": "~1.0.0",
            "process-nextick-args": "~2.0.0",
            "safe-buffer": "~5.1.1",
            "string_decoder": "~1.1.1",
            "util-deprecate": "~1.0.1"
          }
        },
        "string_decoder": {
          "version": "1.1.1",
          "resolved": "https://registry.npm.taobao.org/string_decoder/download/string_decoder-1.1.1.tgz",
          "integrity": "sha1-nPFhG6YmhdcDCunkujQUnDrwP8g=",
          "requires": {
            "safe-buffer": "~5.1.0"
          }
        }
      }
    },
    "bluebird": {
      "version": "3.5.1",
      "resolved": "https://registry.npm.taobao.org/bluebird/download/bluebird-3.5.1.tgz?cache=0&other_urls=https%3A%2F%2Fregistry.npm.taobao.org%2Fbluebird%2Fdownload%2Fbluebird-3.5.1.tgz",
      "integrity": "sha1-2VUfnemPH82h5oPRfukaBgLuLrk="
    },
    "boolbase": {
      "version": "1.0.0",
      "resolved": "https://registry.npm.taobao.org/boolbase/download/boolbase-1.0.0.tgz",
      "integrity": "sha1-aN/1++YMUes3cl6p4+0xDcwed24="
    },
    "bson": {
      "version": "1.1.5",
      "resolved": "https://registry.npm.taobao.org/bson/download/bson-1.1.5.tgz",
      "integrity": "sha1-Kqrpj832dQwISLDLod3sPHMGCjQ="
    },
    "cheerio": {
      "version": "1.0.0-rc.5",
      "resolved": "https://registry.npm.taobao.org/cheerio/download/cheerio-1.0.0-rc.5.tgz?cache=0&sync_timestamp=1608583343960&other_urls=https%3A%2F%2Fregistry.npm.taobao.org%2Fcheerio%2Fdownload%2Fcheerio-1.0.0-rc.5.tgz",
      "integrity": "sha1-iJB+GChnTo+f7jdRiLJ9rdTw+i8=",
      "requires": {
        "cheerio-select-tmp": "^0.1.0",
        "dom-serializer": "~1.2.0",
        "domhandler": "^4.0.0",
        "entities": "~2.1.0",
        "htmlparser2": "^6.0.0",
        "parse5": "^6.0.0",
        "parse5-htmlparser2-tree-adapter": "^6.0.0"
      }
    },
    "cheerio-select-tmp": {
      "version": "0.1.1",
      "resolved": "https://registry.npm.taobao.org/cheerio-select-tmp/download/cheerio-select-tmp-0.1.1.tgz",
      "integrity": "sha1-VbvvAqR3FxAZWtc21eNGdjyk5kY=",
      "requires": {
        "css-select": "^3.1.2",
        "css-what": "^4.0.0",
        "domelementtype": "^2.1.0",
        "domhandler": "^4.0.0",
        "domutils": "^2.4.4"
      }
    },
    "combined-stream": {
      "version": "1.0.8",
      "resolved": "https://registry.npm.taobao.org/combined-stream/download/combined-stream-1.0.8.tgz",
      "integrity": "sha1-w9RaizT9cwYxoRCoolIGgrMdWn8=",
      "requires": {
        "delayed-stream": "~1.0.0"
      }
    },
    "component-emitter": {
      "version": "1.3.0",
      "resolved": "https://registry.npm.taobao.org/component-emitter/download/component-emitter-1.3.0.tgz",
      "integrity": "sha1-FuQHD7qK4ptnnyIVhT7hgasuq8A="
    },
    "cookiejar": {
      "version": "2.1.2",
      "resolved": "https://registry.npm.taobao.org/cookiejar/download/cookiejar-2.1.2.tgz",
      "integrity": "sha1-3YojVTB1L5iPmghE8/xYnjERElw="
    },
    "core-util-is": {
      "version": "1.0.2",
      "resolved": "https://registry.npm.taobao.org/core-util-is/download/core-util-is-1.0.2.tgz",
      "integrity": "sha1-tf1UIgqivFq1eqtxQMlAdUUDwac="
    },
    "css-select": {
      "version": "3.1.2",
      "resolved": "https://registry.npm.taobao.org/css-select/download/css-select-3.1.2.tgz?cache=0&sync_timestamp=1608486320679&other_urls=https%3A%2F%2Fregistry.npm.taobao.org%2Fcss-select%2Fdownload%2Fcss-select-3.1.2.tgz",
      "integrity": "sha1-1Sy9xv7jefupf7DTklq70Yry2dg=",
      "requires": {
        "boolbase": "^1.0.0",
        "css-what": "^4.0.0",
        "domhandler": "^4.0.0",
        "domutils": "^2.4.3",
        "nth-check": "^2.0.0"
      }
    },
    "css-what": {
      "version": "4.0.0",
      "resolved": "https://registry.npm.taobao.org/css-what/download/css-what-4.0.0.tgz?cache=0&sync_timestamp=1602570935205&other_urls=https%3A%2F%2Fregistry.npm.taobao.org%2Fcss-what%2Fdownload%2Fcss-what-4.0.0.tgz",
      "integrity": "sha1-Nec3Ycqy7rPTZhEmsj16oOhDIjM="
    },
    "delayed-stream": {
      "version": "1.0.0",
      "resolved": "https://registry.npm.taobao.org/delayed-stream/download/delayed-stream-1.0.0.tgz",
      "integrity": "sha1-3zrhmayt+31ECqrgsp4icrJOxhk="
    },
    "denque": {
      "version": "1.5.0",
      "resolved": "https://registry.npm.taobao.org/denque/download/denque-1.5.0.tgz",
      "integrity": "sha1-dz3gaG/y2Owv+SkUMWpHtzscc94="
    },
    "dom-serializer": {
      "version": "1.2.0",
      "resolved": "https://registry.npm.taobao.org/dom-serializer/download/dom-serializer-1.2.0.tgz?cache=0&sync_timestamp=1607193036175&other_urls=https%3A%2F%2Fregistry.npm.taobao.org%2Fdom-serializer%2Fdownload%2Fdom-serializer-1.2.0.tgz",
      "integrity": "sha1-NDPZE2rrPGJ5gdqjhfx/MtJ8SPE=",
      "requires": {
        "domelementtype": "^2.0.1",
        "domhandler": "^4.0.0",
        "entities": "^2.0.0"
      }
    },
    "domelementtype": {
      "version": "2.1.0",
      "resolved": "https://registry.npm.taobao.org/domelementtype/download/domelementtype-2.1.0.tgz?cache=0&sync_timestamp=1606866004215&other_urls=https%3A%2F%2Fregistry.npm.taobao.org%2Fdomelementtype%2Fdownload%2Fdomelementtype-2.1.0.tgz",
      "integrity": "sha1-qFHAgKbRw9lDRK7RUdmfZp7fWF4="
    },
    "domhandler": {
      "version": "4.0.0",
      "resolved": "https://registry.npm.taobao.org/domhandler/download/domhandler-4.0.0.tgz?cache=0&sync_timestamp=1606872205374&other_urls=https%3A%2F%2Fregistry.npm.taobao.org%2Fdomhandler%2Fdownload%2Fdomhandler-4.0.0.tgz",
      "integrity": "sha1-Aep4Id6ZbYX2kCnoH6hzwhgzCY4=",
      "requires": {
        "domelementtype": "^2.1.0"
      }
    },
    "domutils": {
      "version": "2.4.4",
      "resolved": "https://registry.npm.taobao.org/domutils/download/domutils-2.4.4.tgz?cache=0&sync_timestamp=1607393052726&other_urls=https%3A%2F%2Fregistry.npm.taobao.org%2Fdomutils%2Fdownload%2Fdomutils-2.4.4.tgz",
      "integrity": "sha1-KCc5xLFQ0CLTRpl5c2mq2NGbu9M=",
      "requires": {
        "dom-serializer": "^1.0.1",
        "domelementtype": "^2.0.1",
        "domhandler": "^4.0.0"
      }
    },
    "entities": {
      "version": "2.1.0",
      "resolved": "https://registry.npm.taobao.org/entities/download/entities-2.1.0.tgz?cache=0&sync_timestamp=1611535512969&other_urls=https%3A%2F%2Fregistry.npm.taobao.org%2Fentities%2Fdownload%2Fentities-2.1.0.tgz",
      "integrity": "sha1-mS0xKc999ocLlsV4WMJJoSD4uLU="
    },
    "fast-safe-stringify": {
      "version": "2.0.7",
      "resolved": "https://registry.npm.taobao.org/fast-safe-stringify/download/fast-safe-stringify-2.0.7.tgz",
      "integrity": "sha1-EkqohYmSYfaK7bQqfAgN6dpgh0M="
    },
    "follow-redirects": {
      "version": "1.13.3",
      "resolved": "https://registry.npm.taobao.org/follow-redirects/download/follow-redirects-1.13.3.tgz?cache=0&sync_timestamp=1614436958094&other_urls=https%3A%2F%2Fregistry.npm.taobao.org%2Ffollow-redirects%2Fdownload%2Ffollow-redirects-1.13.3.tgz",
      "integrity": "sha1-5VmK1QF0wbxOhyMB6CrCzZf5Amc="
    },
    "form-data": {
      "version": "3.0.1",
      "resolved": "https://registry.npm.taobao.org/form-data/download/form-data-3.0.1.tgz",
      "integrity": "sha1-69U3kbeDVqma+aMA1CgsTV65dV8=",
      "requires": {
        "asynckit": "^0.4.0",
        "combined-stream": "^1.0.8",
        "mime-types": "^2.1.12"
      }
    },
    "formidable": {
      "version": "1.2.2",
      "resolved": "https://registry.npm.taobao.org/formidable/download/formidable-1.2.2.tgz",
      "integrity": "sha1-v2muopcpgmdfAIZTQrmCmG9rjdk="
    },
    "htmlparser2": {
      "version": "6.0.1",
      "resolved": "https://registry.npm.taobao.org/htmlparser2/download/htmlparser2-6.0.1.tgz",
      "integrity": "sha1-QiUhIx721C5WvUEdqLpAqjbpFEY=",
      "requires": {
        "domelementtype": "^2.0.1",
        "domhandler": "^4.0.0",
        "domutils": "^2.4.4",
        "entities": "^2.0.0"
      }
    },
    "iconv-lite": {
      "version": "0.4.24",
      "resolved": "https://registry.npm.taobao.org/iconv-lite/download/iconv-lite-0.4.24.tgz?cache=0&sync_timestamp=1594184325364&other_urls=https%3A%2F%2Fregistry.npm.taobao.org%2Ficonv-lite%2Fdownload%2Ficonv-lite-0.4.24.tgz",
      "integrity": "sha1-ICK0sl+93CHS9SSXSkdKr+czkIs=",
      "requires": {
        "safer-buffer": ">= 2.1.2 < 3"
      }
    },
    "inherits": {
      "version": "2.0.3",
      "resolved": "https://registry.npm.taobao.org/inherits/download/inherits-2.0.3.tgz",
      "integrity": "sha1-Yzwsg+PaQqUC9SRmAiSA9CCCYd4="
    },
    "isarray": {
      "version": "1.0.0",
      "resolved": "https://registry.npm.taobao.org/isarray/download/isarray-1.0.0.tgz",
      "integrity": "sha1-u5NdSFgsuhaMBoNJV6VKPgcSTxE="
    },
    "kareem": {
      "version": "2.3.2",
      "resolved": "https://registry.npm.taobao.org/kareem/download/kareem-2.3.2.tgz",
      "integrity": "sha1-eMRQiJSYW404oNwV4ajhEHjyypM="
    },
    "lru-cache": {
      "version": "6.0.0",
      "resolved": "https://registry.npm.taobao.org/lru-cache/download/lru-cache-6.0.0.tgz?cache=0&sync_timestamp=1594427519396&other_urls=https%3A%2F%2Fregistry.npm.taobao.org%2Flru-cache%2Fdownload%2Flru-cache-6.0.0.tgz",
      "integrity": "sha1-bW/mVw69lqr5D8rR2vo7JWbbOpQ=",
      "requires": {
        "yallist": "^4.0.0"
      }
    },
    "memory-pager": {
      "version": "1.5.0",
      "resolved": "https://registry.npm.taobao.org/memory-pager/download/memory-pager-1.5.0.tgz",
      "integrity": "sha1-2HUWVdItOEaCdByXLyw9bfo+ZrU=",
      "optional": true
    },
    "methods": {
      "version": "1.1.2",
      "resolved": "https://registry.npm.taobao.org/methods/download/methods-1.1.2.tgz",
      "integrity": "sha1-VSmk1nZUE07cxSZmVoNbD4Ua/O4="
    },
    "mime-db": {
      "version": "1.46.0",
      "resolved": "https://registry.npm.taobao.org/mime-db/download/mime-db-1.46.0.tgz?cache=0&sync_timestamp=1613194697983&other_urls=https%3A%2F%2Fregistry.npm.taobao.org%2Fmime-db%2Fdownload%2Fmime-db-1.46.0.tgz",
      "integrity": "sha1-Ymd0in95lZTePLyM3pHe80lmHO4="
    },
    "mime-types": {
      "version": "2.1.29",
      "resolved": "https://registry.npm.taobao.org/mime-types/download/mime-types-2.1.29.tgz?cache=0&sync_timestamp=1613608475804&other_urls=https%3A%2F%2Fregistry.npm.taobao.org%2Fmime-types%2Fdownload%2Fmime-types-2.1.29.tgz",
      "integrity": "sha1-HUq3faZLkfX3JInfKSNlY3VLsbI=",
      "requires": {
        "mime-db": "1.46.0"
      }
    },
    "mongodb": {
      "version": "3.6.4",
      "resolved": "https://registry.npm.taobao.org/mongodb/download/mongodb-3.6.4.tgz",
      "integrity": "sha1-yln9ZbBoMTCCYjcu+d9rePnal74=",
      "requires": {
        "bl": "^2.2.1",
        "bson": "^1.1.4",
        "denque": "^1.4.1",
        "require_optional": "^1.0.1",
        "safe-buffer": "^5.1.2",
        "saslprep": "^1.0.0"
      }
    },
    "mongoose": {
      "version": "5.11.19",
      "resolved": "https://registry.npm.taobao.org/mongoose/download/mongoose-5.11.19.tgz?cache=0&sync_timestamp=1614967965631&other_urls=https%3A%2F%2Fregistry.npm.taobao.org%2Fmongoose%2Fdownload%2Fmongoose-5.11.19.tgz",
      "integrity": "sha1-+yDuYUX0ypvXV/h+066eE+ku/94=",
      "requires": {
        "@types/mongodb": "^3.5.27",
        "bson": "^1.1.4",
        "kareem": "2.3.2",
        "mongodb": "3.6.4",
        "mongoose-legacy-pluralize": "1.0.2",
        "mpath": "0.8.3",
        "mquery": "3.2.4",
        "ms": "2.1.2",
        "regexp-clone": "1.0.0",
        "safe-buffer": "5.2.1",
        "sift": "7.0.1",
        "sliced": "1.0.1"
      },
      "dependencies": {
        "ms": {
          "version": "2.1.2",
          "resolved": "https://registry.npm.taobao.org/ms/download/ms-2.1.2.tgz?cache=0&sync_timestamp=1607433856030&other_urls=https%3A%2F%2Fregistry.npm.taobao.org%2Fms%2Fdownload%2Fms-2.1.2.tgz",
          "integrity": "sha1-0J0fNXtEP0kzgqjrPM0YOHKuYAk="
        },
        "safe-buffer": {
          "version": "5.2.1",
          "resolved": "https://registry.npm.taobao.org/safe-buffer/download/safe-buffer-5.2.1.tgz",
          "integrity": "sha1-Hq+fqb2x/dTsdfWPnNtOa3gn7sY="
        }
      }
    },
    "mongoose-legacy-pluralize": {
      "version": "1.0.2",
      "resolved": "https://registry.npm.taobao.org/mongoose-legacy-pluralize/download/mongoose-legacy-pluralize-1.0.2.tgz",
      "integrity": "sha1-O6n5H6UHtRhtOZ+0CFS/8Y+1Y+Q="
    },
    "mpath": {
      "version": "0.8.3",
      "resolved": "https://registry.npm.taobao.org/mpath/download/mpath-0.8.3.tgz",
      "integrity": "sha1-gorA0Yf39CZ0g510khlwl5q73Y8="
    },
    "mquery": {
      "version": "3.2.4",
      "resolved": "https://registry.npm.taobao.org/mquery/download/mquery-3.2.4.tgz",
      "integrity": "sha1-nFwuKF6mxvIGc/NSiXPJnuGqoaA=",
      "requires": {
        "bluebird": "3.5.1",
        "debug": "3.1.0",
        "regexp-clone": "^1.0.0",
        "safe-buffer": "5.1.2",
        "sliced": "1.0.1"
      },
      "dependencies": {
        "debug": {
          "version": "3.1.0",
          "resolved": "https://registry.npm.taobao.org/debug/download/debug-3.1.0.tgz?cache=0&sync_timestamp=1607566551397&other_urls=https%3A%2F%2Fregistry.npm.taobao.org%2Fdebug%2Fdownload%2Fdebug-3.1.0.tgz",
          "integrity": "sha1-W7WgZyYotkFJVmuhaBnmFRjGcmE=",
          "requires": {
            "ms": "2.0.0"
          }
        }
      }
    },
    "ms": {
      "version": "2.0.0",
      "resolved": "https://registry.npm.taobao.org/ms/download/ms-2.0.0.tgz?cache=0&sync_timestamp=1607433856030&other_urls=https%3A%2F%2Fregistry.npm.taobao.org%2Fms%2Fdownload%2Fms-2.0.0.tgz",
      "integrity": "sha1-VgiurfwAvmwpAd9fmGF4jeDVl8g="
    },
    "nth-check": {
      "version": "2.0.0",
      "resolved": "https://registry.npm.taobao.org/nth-check/download/nth-check-2.0.0.tgz?cache=0&sync_timestamp=1606860690670&other_urls=https%3A%2F%2Fregistry.npm.taobao.org%2Fnth-check%2Fdownload%2Fnth-check-2.0.0.tgz",
      "integrity": "sha1-G7T22scAcvwxPoyc0UF7UHTAoSU=",
      "requires": {
        "boolbase": "^1.0.0"
      }
    },
    "parse5": {
      "version": "6.0.1",
      "resolved": "https://registry.npm.taobao.org/parse5/download/parse5-6.0.1.tgz",
      "integrity": "sha1-4aHAhcVps9wIMhGE8Zo5zCf3wws="
    },
    "parse5-htmlparser2-tree-adapter": {
      "version": "6.0.1",
      "resolved": "https://registry.npm.taobao.org/parse5-htmlparser2-tree-adapter/download/parse5-htmlparser2-tree-adapter-6.0.1.tgz?cache=0&sync_timestamp=1596089871187&other_urls=https%3A%2F%2Fregistry.npm.taobao.org%2Fparse5-htmlparser2-tree-adapter%2Fdownload%2Fparse5-htmlparser2-tree-adapter-6.0.1.tgz",
      "integrity": "sha1-LN+a2CMyEUA3DU2/XT6Sx8jdxuY=",
      "requires": {
        "parse5": "^6.0.1"
      }
    },
    "process-nextick-args": {
      "version": "2.0.1",
      "resolved": "https://registry.npm.taobao.org/process-nextick-args/download/process-nextick-args-2.0.1.tgz",
      "integrity": "sha1-eCDZsWEgzFXKmud5JoCufbptf+I="
    },
    "readable-stream": {
      "version": "3.6.0",
      "resolved": "https://registry.npm.taobao.org/readable-stream/download/readable-stream-3.6.0.tgz?cache=0&sync_timestamp=1581623021561&other_urls=https%3A%2F%2Fregistry.npm.taobao.org%2Freadable-stream%2Fdownload%2Freadable-stream-3.6.0.tgz",
      "integrity": "sha1-M3u9o63AcGvT4CRCaihtS0sskZg=",
      "requires": {
        "inherits": "^2.0.3",
        "string_decoder": "^1.1.1",
        "util-deprecate": "^1.0.1"
      }
    },
    "regexp-clone": {
      "version": "1.0.0",
      "resolved": "https://registry.npm.taobao.org/regexp-clone/download/regexp-clone-1.0.0.tgz",
      "integrity": "sha1-Ii25Z2IydwViYLmSYmNUoEzpv2M="
    },
    "require_optional": {
      "version": "1.0.1",
      "resolved": "https://registry.npm.taobao.org/require_optional/download/require_optional-1.0.1.tgz",
      "integrity": "sha1-TPNaQkf2TKPfjC7yCMxJSxyo/C4=",
      "requires": {
        "resolve-from": "^2.0.0",
        "semver": "^5.1.0"
      },
      "dependencies": {
        "semver": {
          "version": "5.7.1",
          "resolved": "https://registry.npm.taobao.org/semver/download/semver-5.7.1.tgz?cache=0&sync_timestamp=1606851912015&other_urls=https%3A%2F%2Fregistry.npm.taobao.org%2Fsemver%2Fdownload%2Fsemver-5.7.1.tgz",
          "integrity": "sha1-qVT5Ma66UI0we78Gnv8MAclhFvc="
        }
      }
    },
    "resolve-from": {
      "version": "2.0.0",
      "resolved": "https://registry.npm.taobao.org/resolve-from/download/resolve-from-2.0.0.tgz",
      "integrity": "sha1-lICrIOlP+h2egKgEx+oUdhGWa1c="
    },
    "safe-buffer": {
      "version": "5.1.2",
      "resolved": "https://registry.npm.taobao.org/safe-buffer/download/safe-buffer-5.1.2.tgz",
      "integrity": "sha1-mR7GnSluAxN0fVm9/St0XDX4go0="
    },
    "safer-buffer": {
      "version": "2.1.2",
      "resolved": "https://registry.npm.taobao.org/safer-buffer/download/safer-buffer-2.1.2.tgz",
      "integrity": "sha1-RPoWGwGHuVSd2Eu5GAL5vYOFzWo="
    },
    "saslprep": {
      "version": "1.0.3",
      "resolved": "https://registry.npm.taobao.org/saslprep/download/saslprep-1.0.3.tgz",
      "integrity": "sha1-TAL5RrVs9UKX40e6EJPnrKxM8iY=",
      "optional": true,
      "requires": {
        "sparse-bitfield": "^3.0.3"
      }
    },
    "semver": {
      "version": "7.3.4",
      "resolved": "https://registry.npm.taobao.org/semver/download/semver-7.3.4.tgz?cache=0&sync_timestamp=1606851912015&other_urls=https%3A%2F%2Fregistry.npm.taobao.org%2Fsemver%2Fdownload%2Fsemver-7.3.4.tgz",
      "integrity": "sha1-J6qn0uTKdkUvmNOt0JOnLJQ+3Jc=",
      "requires": {
        "lru-cache": "^6.0.0"
      }
    },
    "sift": {
      "version": "7.0.1",
      "resolved": "https://registry.npm.taobao.org/sift/download/sift-7.0.1.tgz?cache=0&sync_timestamp=1609095635930&other_urls=https%3A%2F%2Fregistry.npm.taobao.org%2Fsift%2Fdownload%2Fsift-7.0.1.tgz",
      "integrity": "sha1-R9YsULFZ0xbxNy+LU/nBDNIaSwg="
    },
    "sliced": {
      "version": "1.0.1",
      "resolved": "https://registry.npm.taobao.org/sliced/download/sliced-1.0.1.tgz",
      "integrity": "sha1-CzpmK10Ewxd7GSa+qCsD+Dei70E="
    },
    "sparse-bitfield": {
      "version": "3.0.3",
      "resolved": "https://registry.npm.taobao.org/sparse-bitfield/download/sparse-bitfield-3.0.3.tgz",
      "integrity": "sha1-/0rm5oZWBWuks+eSqzM004JzyhE=",
      "optional": true,
      "requires": {
        "memory-pager": "^1.0.2"
      }
    },
    "string_decoder": {
      "version": "1.3.0",
      "resolved": "https://registry.npm.taobao.org/string_decoder/download/string_decoder-1.3.0.tgz",
      "integrity": "sha1-QvEUWUpGzxqOMLCoT1bHjD7awh4=",
      "requires": {
        "safe-buffer": "~5.2.0"
      },
      "dependencies": {
        "safe-buffer": {
          "version": "5.2.1",
          "resolved": "https://registry.npm.taobao.org/safe-buffer/download/safe-buffer-5.2.1.tgz",
          "integrity": "sha1-Hq+fqb2x/dTsdfWPnNtOa3gn7sY="
        }
      }
    },
    "superagent": {
      "version": "6.1.0",
      "resolved": "https://registry.npm.taobao.org/superagent/download/superagent-6.1.0.tgz",
      "integrity": "sha1-CfCIB7xBEI7xZM+0vik869SA9KY=",
      "requires": {
        "component-emitter": "^1.3.0",
        "cookiejar": "^2.1.2",
        "debug": "^4.1.1",
        "fast-safe-stringify": "^2.0.7",
        "form-data": "^3.0.0",
        "formidable": "^1.2.2",
        "methods": "^1.1.2",
        "mime": "^2.4.6",
        "qs": "^6.9.4",
        "readable-stream": "^3.6.0",
        "semver": "^7.3.2"
      },
      "dependencies": {
        "debug": {
          "version": "4.3.1",
          "resolved": "https://registry.npm.taobao.org/debug/download/debug-4.3.1.tgz?cache=0&sync_timestamp=1607566551397&other_urls=https%3A%2F%2Fregistry.npm.taobao.org%2Fdebug%2Fdownload%2Fdebug-4.3.1.tgz",
          "integrity": "sha1-8NIpxQXgxtjEmsVT0bE9wYP2su4=",
          "requires": {
            "ms": "2.1.2"
          }
        },
        "mime": {
          "version": "2.5.2",
          "resolved": "https://registry.npm.taobao.org/mime/download/mime-2.5.2.tgz",
          "integrity": "sha1-bj3GzCuVEGQ4MOXxnVy3U9pe6r4="
        },
        "ms": {
          "version": "2.1.2",
          "resolved": "https://registry.npm.taobao.org/ms/download/ms-2.1.2.tgz?cache=0&sync_timestamp=1607433856030&other_urls=https%3A%2F%2Fregistry.npm.taobao.org%2Fms%2Fdownload%2Fms-2.1.2.tgz",
          "integrity": "sha1-0J0fNXtEP0kzgqjrPM0YOHKuYAk="
        },
        "qs": {
          "version": "6.9.6",
          "resolved": "https://registry.npm.taobao.org/qs/download/qs-6.9.6.tgz?cache=0&sync_timestamp=1610598174727&other_urls=https%3A%2F%2Fregistry.npm.taobao.org%2Fqs%2Fdownload%2Fqs-6.9.6.tgz",
          "integrity": "sha1-Ju08gkOkMbKSSsqEzJBHHzXVoO4="
        }
      }
    },
    "superagent-charset": {
      "version": "1.2.0",
      "resolved": "https://registry.npm.taobao.org/superagent-charset/download/superagent-charset-1.2.0.tgz",
      "integrity": "sha1-nuulqSdfbxzT1rE4YflEY/PDo0g=",
      "requires": {
        "iconv-lite": "^0.4.16"
      }
    },
    "util-deprecate": {
      "version": "1.0.2",
      "resolved": "https://registry.npm.taobao.org/util-deprecate/download/util-deprecate-1.0.2.tgz",
      "integrity": "sha1-RQ1Nyfpw3nMnYvvS1KKJgUGaDM8="
    },
    "yallist": {
      "version": "4.0.0",
      "resolved": "https://registry.npm.taobao.org/yallist/download/yallist-4.0.0.tgz",
      "integrity": "sha1-m7knkNnA7/7GO+c1GeEaNQGaOnI="
    }
  }
}
